// !$*UTF8*$!
{
	archiveVersion = 1;
	classes = {
	};
	objectVersion = 46;
	objects = {

/* Begin PBXBuildFile section */
		29A51EE21EFC075E002345E7 /* bg__no_logo.jpg in Resources */ = {isa = PBXBuildFile; fileRef = 29A51EDF1EFC075E002345E7 /* bg__no_logo.jpg */; };
		29A51EE31EFC075E002345E7 /* bg_logo.jpg in Resources */ = {isa = PBXBuildFile; fileRef = 29A51EE01EFC075E002345E7 /* bg_logo.jpg */; };
		29A51EE41EFC075E002345E7 /* logo.jpg in Resources */ = {isa = PBXBuildFile; fileRef = 29A51EE11EFC075E002345E7 /* logo.jpg */; };
		29A51EFD1EFC0F61002345E7 /* Contents.json in Resources */ = {isa = PBXBuildFile; fileRef = 29A51EE61EFC0F61002345E7 /* Contents.json */; };
		29A51EFE1EFC0F61002345E7 /* Icon-App-20x20@1x.png in Resources */ = {isa = PBXBuildFile; fileRef = 29A51EE71EFC0F61002345E7 /* Icon-App-20x20@1x.png */; };
		29A51EFF1EFC0F61002345E7 /* Icon-App-20x20@2x.png in Resources */ = {isa = PBXBuildFile; fileRef = 29A51EE81EFC0F61002345E7 /* Icon-App-20x20@2x.png */; };
		29A51F001EFC0F61002345E7 /* Icon-App-20x20@3x.png in Resources */ = {isa = PBXBuildFile; fileRef = 29A51EE91EFC0F61002345E7 /* Icon-App-20x20@3x.png */; };
		29A51F011EFC0F61002345E7 /* Icon-App-29x29@1x.png in Resources */ = {isa = PBXBuildFile; fileRef = 29A51EEA1EFC0F61002345E7 /* Icon-App-29x29@1x.png */; };
		29A51F021EFC0F61002345E7 /* Icon-App-29x29@2x.png in Resources */ = {isa = PBXBuildFile; fileRef = 29A51EEB1EFC0F61002345E7 /* Icon-App-29x29@2x.png */; };
		29A51F031EFC0F61002345E7 /* Icon-App-29x29@3x.png in Resources */ = {isa = PBXBuildFile; fileRef = 29A51EEC1EFC0F61002345E7 /* Icon-App-29x29@3x.png */; };
		29A51F041EFC0F61002345E7 /* Icon-App-40x40@1x.png in Resources */ = {isa = PBXBuildFile; fileRef = 29A51EED1EFC0F61002345E7 /* Icon-App-40x40@1x.png */; };
		29A51F051EFC0F61002345E7 /* Icon-App-40x40@2x.png in Resources */ = {isa = PBXBuildFile; fileRef = 29A51EEE1EFC0F61002345E7 /* Icon-App-40x40@2x.png */; };
		29A51F061EFC0F61002345E7 /* Icon-App-40x40@3x.png in Resources */ = {isa = PBXBuildFile; fileRef = 29A51EEF1EFC0F61002345E7 /* Icon-App-40x40@3x.png */; };
		29A51F071EFC0F61002345E7 /* Icon-App-57x57@1x.png in Resources */ = {isa = PBXBuildFile; fileRef = 29A51EF01EFC0F61002345E7 /* Icon-App-57x57@1x.png */; };
		29A51F081EFC0F61002345E7 /* Icon-App-57x57@2x.png in Resources */ = {isa = PBXBuildFile; fileRef = 29A51EF11EFC0F61002345E7 /* Icon-App-57x57@2x.png */; };
		29A51F091EFC0F61002345E7 /* Icon-App-60x60@1x.png in Resources */ = {isa = PBXBuildFile; fileRef = 29A51EF21EFC0F61002345E7 /* Icon-App-60x60@1x.png */; };
		29A51F0A1EFC0F61002345E7 /* Icon-App-60x60@2x.png in Resources */ = {isa = PBXBuildFile; fileRef = 29A51EF31EFC0F61002345E7 /* Icon-App-60x60@2x.png */; };
		29A51F0B1EFC0F61002345E7 /* Icon-App-60x60@3x.png in Resources */ = {isa = PBXBuildFile; fileRef = 29A51EF41EFC0F61002345E7 /* Icon-App-60x60@3x.png */; };
		29A51F0C1EFC0F61002345E7 /* Icon-App-72x72@1x.png in Resources */ = {isa = PBXBuildFile; fileRef = 29A51EF51EFC0F61002345E7 /* Icon-App-72x72@1x.png */; };
		29A51F0D1EFC0F61002345E7 /* Icon-App-72x72@2x.png in Resources */ = {isa = PBXBuildFile; fileRef = 29A51EF61EFC0F61002345E7 /* Icon-App-72x72@2x.png */; };
		29A51F0E1EFC0F61002345E7 /* Icon-App-76x76@1x.png in Resources */ = {isa = PBXBuildFile; fileRef = 29A51EF71EFC0F61002345E7 /* Icon-App-76x76@1x.png */; };
		29A51F0F1EFC0F61002345E7 /* Icon-App-76x76@2x.png in Resources */ = {isa = PBXBuildFile; fileRef = 29A51EF81EFC0F61002345E7 /* Icon-App-76x76@2x.png */; };
		29A51F101EFC0F61002345E7 /* Icon-App-76x76@3x.png in Resources */ = {isa = PBXBuildFile; fileRef = 29A51EF91EFC0F61002345E7 /* Icon-App-76x76@3x.png */; };
		29A51F111EFC0F61002345E7 /* Icon-App-83.5x83.5@2x.png in Resources */ = {isa = PBXBuildFile; fileRef = 29A51EFA1EFC0F61002345E7 /* Icon-App-83.5x83.5@2x.png */; };
		29A51F121EFC0F61002345E7 /* Icon-Small-50x50@1x.png in Resources */ = {isa = PBXBuildFile; fileRef = 29A51EFB1EFC0F61002345E7 /* Icon-Small-50x50@1x.png */; };
		29A51F131EFC0F61002345E7 /* Icon-Small-50x50@2x.png in Resources */ = {isa = PBXBuildFile; fileRef = 29A51EFC1EFC0F61002345E7 /* Icon-Small-50x50@2x.png */; };
		29A51F151EFC40FD002345E7 /* d.png in Resources */ = {isa = PBXBuildFile; fileRef = 29A51F141EFC40FD002345E7 /* d.png */; };
		29C0561F1EFA80EB00D3F2D2 /* AppDelegate.swift in Sources */ = {isa = PBXBuildFile; fileRef = 29C0561E1EFA80EB00D3F2D2 /* AppDelegate.swift */; };
		29C056211EFA80EB00D3F2D2 /* ViewController.swift in Sources */ = {isa = PBXBuildFile; fileRef = 29C056201EFA80EB00D3F2D2 /* ViewController.swift */; };
		29C056241EFA80EB00D3F2D2 /* Main.storyboard in Resources */ = {isa = PBXBuildFile; fileRef = 29C056221EFA80EB00D3F2D2 /* Main.storyboard */; };
		29C056261EFA80EB00D3F2D2 /* Assets.xcassets in Resources */ = {isa = PBXBuildFile; fileRef = 29C056251EFA80EB00D3F2D2 /* Assets.xcassets */; };
		29C056291EFA80EB00D3F2D2 /* LaunchScreen.storyboard in Resources */ = {isa = PBXBuildFile; fileRef = 29C056271EFA80EB00D3F2D2 /* LaunchScreen.storyboard */; };
		29C056331EFA810100D3F2D2 /* AVFoundation.framework in Frameworks */ = {isa = PBXBuildFile; fileRef = 29C056311EFA810100D3F2D2 /* AVFoundation.framework */; };
		29C056341EFA810100D3F2D2 /* AVKit.framework in Frameworks */ = {isa = PBXBuildFile; fileRef = 29C056321EFA810100D3F2D2 /* AVKit.framework */; };
		29C056381EFAA79F00D3F2D2 /* Song0.mp3 in Resources */ = {isa = PBXBuildFile; fileRef = 29C056371EFAA79F00D3F2D2 /* Song0.mp3 */; };
		29C0563A1EFAAA8800D3F2D2 /* dcfy.jpg in Resources */ = {isa = PBXBuildFile; fileRef = 29C056391EFAAA8800D3F2D2 /* dcfy.jpg */; };
		29C0563C1EFAAEEF00D3F2D2 /* MapKit.framework in Frameworks */ = {isa = PBXBuildFile; fileRef = 29C0563B1EFAAEEF00D3F2D2 /* MapKit.framework */; };
		29C0563E1EFBC34D00D3F2D2 /* Song1.mp3 in Resources */ = {isa = PBXBuildFile; fileRef = 29C0563D1EFBC34D00D3F2D2 /* Song1.mp3 */; };
/* End PBXBuildFile section */

/* Begin PBXFileReference section */
		29A51EDF1EFC075E002345E7 /* bg__no_logo.jpg */ = {isa = PBXFileReference; lastKnownFileType = image.jpeg; path = bg__no_logo.jpg; sourceTree = "<group>"; };
		29A51EE01EFC075E002345E7 /* bg_logo.jpg */ = {isa = PBXFileReference; lastKnownFileType = image.jpeg; path = bg_logo.jpg; sourceTree = "<group>"; };
		29A51EE11EFC075E002345E7 /* logo.jpg */ = {isa = PBXFileReference; lastKnownFileType = image.jpeg; path = logo.jpg; sourceTree = "<group>"; };
		29A51EE61EFC0F61002345E7 /* Contents.json */ = {isa = PBXFileReference; fileEncoding = 4; lastKnownFileType = text.json; path = Contents.json; sourceTree = "<group>"; };
		29A51EE71EFC0F61002345E7 /* Icon-App-20x20@1x.png */ = {isa = PBXFileReference; lastKnownFileType = image.png; path = "Icon-App-20x20@1x.png"; sourceTree = "<group>"; };
		29A51EE81EFC0F61002345E7 /* Icon-App-20x20@2x.png */ = {isa = PBXFileReference; lastKnownFileType = image.png; path = "Icon-App-20x20@2x.png"; sourceTree = "<group>"; };
		29A51EE91EFC0F61002345E7 /* Icon-App-20x20@3x.png */ = {isa = PBXFileReference; lastKnownFileType = image.png; path = "Icon-App-20x20@3x.png"; sourceTree = "<group>"; };
		29A51EEA1EFC0F61002345E7 /* Icon-App-29x29@1x.png */ = {isa = PBXFileReference; lastKnownFileType = image.png; path = "Icon-App-29x29@1x.png"; sourceTree = "<group>"; };
		29A51EEB1EFC0F61002345E7 /* Icon-App-29x29@2x.png */ = {isa = PBXFileReference; lastKnownFileType = image.png; path = "Icon-App-29x29@2x.png"; sourceTree = "<group>"; };
		29A51EEC1EFC0F61002345E7 /* Icon-App-29x29@3x.png */ = {isa = PBXFileReference; lastKnownFileType = image.png; path = "Icon-App-29x29@3x.png"; sourceTree = "<group>"; };
		29A51EED1EFC0F61002345E7 /* Icon-App-40x40@1x.png */ = {isa = PBXFileReference; lastKnownFileType = image.png; path = "Icon-App-40x40@1x.png"; sourceTree = "<group>"; };
		29A51EEE1EFC0F61002345E7 /* Icon-App-40x40@2x.png */ = {isa = PBXFileReference; lastKnownFileType = image.png; path = "Icon-App-40x40@2x.png"; sourceTree = "<group>"; };
		29A51EEF1EFC0F61002345E7 /* Icon-App-40x40@3x.png */ = {isa = PBXFileReference; lastKnownFileType = image.png; path = "Icon-App-40x40@3x.png"; sourceTree = "<group>"; };
		29A51EF01EFC0F61002345E7 /* Icon-App-57x57@1x.png */ = {isa = PBXFileReference; lastKnownFileType = image.png; path = "Icon-App-57x57@1x.png"; sourceTree = "<group>"; };
		29A51EF11EFC0F61002345E7 /* Icon-App-57x57@2x.png */ = {isa = PBXFileReference; lastKnownFileType = image.png; path = "Icon-App-57x57@2x.png"; sourceTree = "<group>"; };
		29A51EF21EFC0F61002345E7 /* Icon-App-60x60@1x.png */ = {isa = PBXFileReference; lastKnownFileType = image.png; path = "Icon-App-60x60@1x.png"; sourceTree = "<group>"; };
		29A51EF31EFC0F61002345E7 /* Icon-App-60x60@2x.png */ = {isa = PBXFileReference; lastKnownFileType = image.png; path = "Icon-App-60x60@2x.png"; sourceTree = "<group>"; };
		29A51EF41EFC0F61002345E7 /* Icon-App-60x60@3x.png */ = {isa = PBXFileReference; lastKnownFileType = image.png; path = "Icon-App-60x60@3x.png"; sourceTree = "<group>"; };
		29A51EF51EFC0F61002345E7 /* Icon-App-72x72@1x.png */ = {isa = PBXFileReference; lastKnownFileType = image.png; path = "Icon-App-72x72@1x.png"; sourceTree = "<group>"; };
		29A51EF61EFC0F61002345E7 /* Icon-App-72x72@2x.png */ = {isa = PBXFileReference; lastKnownFileType = image.png; path = "Icon-App-72x72@2x.png"; sourceTree = "<group>"; };
		29A51EF71EFC0F61002345E7 /* Icon-App-76x76@1x.png */ = {isa = PBXFileReference; lastKnownFileType = image.png; path = "Icon-App-76x76@1x.png"; sourceTree = "<group>"; };
		29A51EF81EFC0F61002345E7 /* Icon-App-76x76@2x.png */ = {isa = PBXFileReference; lastKnownFileType = image.png; path = "Icon-App-76x76@2x.png"; sourceTree = "<group>"; };
		29A51EF91EFC0F61002345E7 /* Icon-App-76x76@3x.png */ = {isa = PBXFileReference; lastKnownFileType = image.png; path = "Icon-App-76x76@3x.png"; sourceTree = "<group>"; };
		29A51EFA1EFC0F61002345E7 /* Icon-App-83.5x83.5@2x.png */ = {isa = PBXFileReference; lastKnownFileType = image.png; path = "Icon-App-83.5x83.5@2x.png"; sourceTree = "<group>"; };
		29A51EFB1EFC0F61002345E7 /* Icon-Small-50x50@1x.png */ = {isa = PBXFileReference; lastKnownFileType = image.png; path = "Icon-Small-50x50@1x.png"; sourceTree = "<group>"; };
		29A51EFC1EFC0F61002345E7 /* Icon-Small-50x50@2x.png */ = {isa = PBXFileReference; lastKnownFileType = image.png; path = "Icon-Small-50x50@2x.png"; sourceTree = "<group>"; };
		29A51F141EFC40FD002345E7 /* d.png */ = {isa = PBXFileReference; lastKnownFileType = image.png; path = d.png; sourceTree = "<group>"; };
		29C0561B1EFA80EB00D3F2D2 /* player2.app */ = {isa = PBXFileReference; explicitFileType = wrapper.application; includeInIndex = 0; path = player2.app; sourceTree = BUILT_PRODUCTS_DIR; };
		29C0561E1EFA80EB00D3F2D2 /* AppDelegate.swift */ = {isa = PBXFileReference; lastKnownFileType = sourcecode.swift; path = AppDelegate.swift; sourceTree = "<group>"; };
		29C056201EFA80EB00D3F2D2 /* ViewController.swift */ = {isa = PBXFileReference; lastKnownFileType = sourcecode.swift; path = ViewController.swift; sourceTree = "<group>"; };
		29C056231EFA80EB00D3F2D2 /* Base */ = {isa = PBXFileReference; lastKnownFileType = file.storyboard; name = Base; path = Base.lproj/Main.storyboard; sourceTree = "<group>"; };
		29C056251EFA80EB00D3F2D2 /* Assets.xcassets */ = {isa = PBXFileReference; lastKnownFileType = folder.assetcatalog; path = Assets.xcassets; sourceTree = "<group>"; };
		29C056281EFA80EB00D3F2D2 /* Base */ = {isa = PBXFileReference; lastKnownFileType = file.storyboard; name = Base; path = Base.lproj/LaunchScreen.storyboard; sourceTree = "<group>"; };
		29C0562A1EFA80EB00D3F2D2 /* Info.plist */ = {isa = PBXFileReference; lastKnownFileType = text.plist.xml; path = Info.plist; sourceTree = "<group>"; };
		29C056311EFA810100D3F2D2 /* AVFoundation.framework */ = {isa = PBXFileReference; lastKnownFileType = wrapper.framework; name = AVFoundation.framework; path = System/Library/Frameworks/AVFoundation.framework; sourceTree = SDKROOT; };
		29C056321EFA810100D3F2D2 /* AVKit.framework */ = {isa = PBXFileReference; lastKnownFileType = wrapper.framework; name = AVKit.framework; path = System/Library/Frameworks/AVKit.framework; sourceTree = SDKROOT; };
		29C056371EFAA79F00D3F2D2 /* Song0.mp3 */ = {isa = PBXFileReference; lastKnownFileType = audio.mp3; path = Song0.mp3; sourceTree = "<group>"; };
		29C056391EFAAA8800D3F2D2 /* dcfy.jpg */ = {isa = PBXFileReference; lastKnownFileType = image.jpeg; path = dcfy.jpg; sourceTree = "<group>"; };
		29C0563B1EFAAEEF00D3F2D2 /* MapKit.framework */ = {isa = PBXFileReference; lastKnownFileType = wrapper.framework; name = MapKit.framework; path = System/Library/Frameworks/MapKit.framework; sourceTree = SDKROOT; };
		29C0563D1EFBC34D00D3F2D2 /* Song1.mp3 */ = {isa = PBXFileReference; lastKnownFileType = audio.mp3; path = Song1.mp3; sourceTree = "<group>"; };
/* End PBXFileReference section */

/* Begin PBXFrameworksBuildPhase section */
		29C056181EFA80EB00D3F2D2 /* Frameworks */ = {
			isa = PBXFrameworksBuildPhase;
			buildActionMask = 2147483647;
			files = (
				29C056331EFA810100D3F2D2 /* AVFoundation.framework in Frameworks */,
				29C0563C1EFAAEEF00D3F2D2 /* MapKit.framework in Frameworks */,
				29C056341EFA810100D3F2D2 /* AVKit.framework in Frameworks */,
			);
			runOnlyForDeploymentPostprocessing = 0;
		};
/* End PBXFrameworksBuildPhase section */

/* Begin PBXGroup section */
		29A51EE51EFC0F61002345E7 /* AppIcon.appiconset */ = {
			isa = PBXGroup;
			children = (
				29A51EE61EFC0F61002345E7 /* Contents.json */,
				29A51EE71EFC0F61002345E7 /* Icon-App-20x20@1x.png */,
				29A51EE81EFC0F61002345E7 /* Icon-App-20x20@2x.png */,
				29A51EE91EFC0F61002345E7 /* Icon-App-20x20@3x.png */,
				29A51EEA1EFC0F61002345E7 /* Icon-App-29x29@1x.png */,
				29A51EEB1EFC0F61002345E7 /* Icon-App-29x29@2x.png */,
				29A51EEC1EFC0F61002345E7 /* Icon-App-29x29@3x.png */,
				29A51EED1EFC0F61002345E7 /* Icon-App-40x40@1x.png */,
				29A51EEE1EFC0F61002345E7 /* Icon-App-40x40@2x.png */,
				29A51EEF1EFC0F61002345E7 /* Icon-App-40x40@3x.png */,
				29A51EF01EFC0F61002345E7 /* Icon-App-57x57@1x.png */,
				29A51EF11EFC0F61002345E7 /* Icon-App-57x57@2x.png */,
				29A51EF21EFC0F61002345E7 /* Icon-App-60x60@1x.png */,
				29A51EF31EFC0F61002345E7 /* Icon-App-60x60@2x.png */,
				29A51EF41EFC0F61002345E7 /* Icon-App-60x60@3x.png */,
				29A51EF51EFC0F61002345E7 /* Icon-App-72x72@1x.png */,
				29A51EF61EFC0F61002345E7 /* Icon-App-72x72@2x.png */,
				29A51EF71EFC0F61002345E7 /* Icon-App-76x76@1x.png */,
				29A51EF81EFC0F61002345E7 /* Icon-App-76x76@2x.png */,
				29A51EF91EFC0F61002345E7 /* Icon-App-76x76@3x.png */,
				29A51EFA1EFC0F61002345E7 /* Icon-App-83.5x83.5@2x.png */,
				29A51EFB1EFC0F61002345E7 /* Icon-Small-50x50@1x.png */,
				29A51EFC1EFC0F61002345E7 /* Icon-Small-50x50@2x.png */,
			);
			path = AppIcon.appiconset;
			sourceTree = "<group>";
		};
		29C056121EFA80EB00D3F2D2 = {
			isa = PBXGroup;
			children = (
				29C0561D1EFA80EB00D3F2D2 /* player2 */,
				29C0561C1EFA80EB00D3F2D2 /* Products */,
				29C056301EFA810000D3F2D2 /* Frameworks */,
			);
			sourceTree = "<group>";
		};
		29C0561C1EFA80EB00D3F2D2 /* Products */ = {
			isa = PBXGroup;
			children = (
				29C0561B1EFA80EB00D3F2D2 /* player2.app */,
			);
			name = Products;
			sourceTree = "<group>";
		};
		29C0561D1EFA80EB00D3F2D2 /* player2 */ = {
			isa = PBXGroup;
			children = (
				29C0561E1EFA80EB00D3F2D2 /* AppDelegate.swift */,
				29C056201EFA80EB00D3F2D2 /* ViewController.swift */,
				29C056221EFA80EB00D3F2D2 /* Main.storyboard */,
				29C056251EFA80EB00D3F2D2 /* Assets.xcassets */,
				29A51EE51EFC0F61002345E7 /* AppIcon.appiconset */,
				29C056271EFA80EB00D3F2D2 /* LaunchScreen.storyboard */,
				29C0562A1EFA80EB00D3F2D2 /* Info.plist */,
				29C056371EFAA79F00D3F2D2 /* Song0.mp3 */,
				29C0563D1EFBC34D00D3F2D2 /* Song1.mp3 */,
				29C056391EFAAA8800D3F2D2 /* dcfy.jpg */,
				29A51EDF1EFC075E002345E7 /* bg__no_logo.jpg */,
				29A51EE01EFC075E002345E7 /* bg_logo.jpg */,
				29A51EE11EFC075E002345E7 /* logo.jpg */,
				29A51F141EFC40FD002345E7 /* d.png */,
			);
			path = player2;
			sourceTree = "<group>";
		};
		29C056301EFA810000D3F2D2 /* Frameworks */ = {
			isa = PBXGroup;
			children = (
				29C0563B1EFAAEEF00D3F2D2 /* MapKit.framework */,
				29C056311EFA810100D3F2D2 /* AVFoundation.framework */,
				29C056321EFA810100D3F2D2 /* AVKit.framework */,
			);
			name = Frameworks;
			sourceTree = "<group>";
		};
/* End PBXGroup section */

/* Begin PBXNativeTarget section */
		29C0561A1EFA80EB00D3F2D2 /* player2 */ = {
			isa = PBXNativeTarget;
			buildConfigurationList = 29C0562D1EFA80EB00D3F2D2 /* Build configuration list for PBXNativeTarget "player2" */;
			buildPhases = (
				29C056171EFA80EB00D3F2D2 /* Sources */,
				29C056181EFA80EB00D3F2D2 /* Frameworks */,
				29C056191EFA80EB00D3F2D2 /* Resources */,
			);
			buildRules = (
			);
			dependencies = (
			);
			name = player2;
			productName = player2;
			productReference = 29C0561B1EFA80EB00D3F2D2 /* player2.app */;
			productType = "com.apple.product-type.application";
		};
/* End PBXNativeTarget section */

/* Begin PBXProject section */
		29C056131EFA80EB00D3F2D2 /* Project object */ = {
			isa = PBXProject;
			attributes = {
				LastSwiftUpdateCheck = 0830;
				LastUpgradeCheck = 0830;
				ORGANIZATIONNAME = "Leif Weitzel";
				TargetAttributes = {
					29C0561A1EFA80EB00D3F2D2 = {
						CreatedOnToolsVersion = 8.3.1;
						DevelopmentTeam = 29Y3RNA7L3;
						ProvisioningStyle = Automatic;
						SystemCapabilities = {
							com.apple.Maps.iOS = {
								enabled = 1;
							};
						};
					};
				};
			};
			buildConfigurationList = 29C056161EFA80EB00D3F2D2 /* Build configuration list for PBXProject "player2" */;
			compatibilityVersion = "Xcode 3.2";
			developmentRegion = English;
			hasScannedForEncodings = 0;
			knownRegions = (
				en,
				Base,
			);
			mainGroup = 29C056121EFA80EB00D3F2D2;
			productRefGroup = 29C0561C1EFA80EB00D3F2D2 /* Products */;
			projectDirPath = "";
			projectRoot = "";
			targets = (
				29C0561A1EFA80EB00D3F2D2 /* player2 */,
			);
		};
/* End PBXProject section */

/* Begin PBXResourcesBuildPhase section */
		29C056191EFA80EB00D3F2D2 /* Resources */ = {
			isa = PBXResourcesBuildPhase;
			buildActionMask = 2147483647;
			files = (
				29A51F151EFC40FD002345E7 /* d.png in Resources */,
				29C056291EFA80EB00D3F2D2 /* LaunchScreen.storyboard in Resources */,
				29C0563A1EFAAA8800D3F2D2 /* dcfy.jpg in Resources */,
				29A51EFF1EFC0F61002345E7 /* Icon-App-20x20@2x.png in Resources */,
				29A51F0B1EFC0F61002345E7 /* Icon-App-60x60@3x.png in Resources */,
				29A51F111EFC0F61002345E7 /* Icon-App-83.5x83.5@2x.png in Resources */,
				29A51F121EFC0F61002345E7 /* Icon-Small-50x50@1x.png in Resources */,
				29C056261EFA80EB00D3F2D2 /* Assets.xcassets in Resources */,
				29A51EE31EFC075E002345E7 /* bg_logo.jpg in Resources */,
				29A51F041EFC0F61002345E7 /* Icon-App-40x40@1x.png in Resources */,
				29A51F0A1EFC0F61002345E7 /* Icon-App-60x60@2x.png in Resources */,
				29A51F051EFC0F61002345E7 /* Icon-App-40x40@2x.png in Resources */,
				29A51F091EFC0F61002345E7 /* Icon-App-60x60@1x.png in Resources */,
				29A51F031EFC0F61002345E7 /* Icon-App-29x29@3x.png in Resources */,
				29A51F0E1EFC0F61002345E7 /* Icon-App-76x76@1x.png in Resources */,
				29A51F021EFC0F61002345E7 /* Icon-App-29x29@2x.png in Resources */,
				29A51F101EFC0F61002345E7 /* Icon-App-76x76@3x.png in Resources */,
				29A51EE41EFC075E002345E7 /* logo.jpg in Resources */,
				29A51EFD1EFC0F61002345E7 /* Contents.json in Resources */,
				29A51F131EFC0F61002345E7 /* Icon-Small-50x50@2x.png in Resources */,
				29A51F011EFC0F61002345E7 /* Icon-App-29x29@1x.png in Resources */,
				29C056381EFAA79F00D3F2D2 /* Song0.mp3 in Resources */,
				29A51F0D1EFC0F61002345E7 /* Icon-App-72x72@2x.png in Resources */,
				29A51F001EFC0F61002345E7 /* Icon-App-20x20@3x.png in Resources */,
				29A51F0C1EFC0F61002345E7 /* Icon-App-72x72@1x.png in Resources */,
				29A51F081EFC0F61002345E7 /* Icon-App-57x57@2x.png in Resources */,
				29C0563E1EFBC34D00D3F2D2 /* Song1.mp3 in Resources */,
				29A51F061EFC0F61002345E7 /* Icon-App-40x40@3x.png in Resources */,
				29C056241EFA80EB00D3F2D2 /* Main.storyboard in Resources */,
				29A51F0F1EFC0F61002345E7 /* Icon-App-76x76@2x.png in Resources */,
				29A51F071EFC0F61002345E7 /* Icon-App-57x57@1x.png in Resources */,
				29A51EFE1EFC0F61002345E7 /* Icon-App-20x20@1x.png in Resources */,
				29A51EE21EFC075E002345E7 /* bg__no_logo.jpg in Resources */,
			);
			runOnlyForDeploymentPostprocessing = 0;
		};
/* End PBXResourcesBuildPhase section */

/* Begin PBXSourcesBuildPhase section */
		29C056171EFA80EB00D3F2D2 /* Sources */ = {
			isa = PBXSourcesBuildPhase;
			buildActionMask = 2147483647;
			files = (
				29C056211EFA80EB00D3F2D2 /* ViewController.swift in Sources */,
				29C0561F1EFA80EB00D3F2D2 /* AppDelegate.swift in Sources */,
			);
			runOnlyForDeploymentPostprocessing = 0;
		};
/* End PBXSourcesBuildPhase section */

/* Begin PBXVariantGroup section */
		29C056221EFA80EB00D3F2D2 /* Main.storyboard */ = {
			isa = PBXVariantGroup;
			children = (
				29C056231EFA80EB00D3F2D2 /* Base */,
			);
			name = Main.storyboard;
			sourceTree = "<group>";
		};
		29C056271EFA80EB00D3F2D2 /* LaunchScreen.storyboard */ = {
			isa = PBXVariantGroup;
			children = (
				29C056281EFA80EB00D3F2D2 /* Base */,
			);
			name = LaunchScreen.storyboard;
			sourceTree = "<group>";
		};
/* End PBXVariantGroup section */

/* Begin XCBuildConfiguration section */
		29C0562B1EFA80EB00D3F2D2 /* Debug */ = {
			isa = XCBuildConfiguration;
			buildSettings = {
				ALWAYS_SEARCH_USER_PATHS = NO;
				CLANG_ANALYZER_NONNULL = YES;
				CLANG_ANALYZER_NUMBER_OBJECT_CONVERSION = YES_AGGRESSIVE;
				CLANG_CXX_LANGUAGE_STANDARD = "gnu++0x";
				CLANG_CXX_LIBRARY = "libc++";
				CLANG_ENABLE_MODULES = YES;
				CLANG_ENABLE_OBJC_ARC = YES;
				CLANG_WARN_BOOL_CONVERSION = YES;
				CLANG_WARN_CONSTANT_CONVERSION = YES;
				CLANG_WARN_DIRECT_OBJC_ISA_USAGE = YES_ERROR;
				CLANG_WARN_DOCUMENTATION_COMMENTS = YES;
				CLANG_WARN_EMPTY_BODY = YES;
				CLANG_WARN_ENUM_CONVERSION = YES;
				CLANG_WARN_INFINITE_RECURSION = YES;
				CLANG_WARN_INT_CONVERSION = YES;
				CLANG_WARN_OBJC_ROOT_CLASS = YES_ERROR;
				CLANG_WARN_SUSPICIOUS_MOVE = YES;
				CLANG_WARN_UNREACHABLE_CODE = YES;
				CLANG_WARN__DUPLICATE_METHOD_MATCH = YES;
				"CODE_SIGN_IDENTITY[sdk=iphoneos*]" = "iPhone Developer";
				COPY_PHASE_STRIP = NO;
				DEBUG_INFORMATION_FORMAT = dwarf;
				ENABLE_STRICT_OBJC_MSGSEND = YES;
				ENABLE_TESTABILITY = YES;
				GCC_C_LANGUAGE_STANDARD = gnu99;
				GCC_DYNAMIC_NO_PIC = NO;
				GCC_NO_COMMON_BLOCKS = YES;
				GCC_OPTIMIZATION_LEVEL = 0;
				GCC_PREPROCESSOR_DEFINITIONS = (
					"DEBUG=1",
					"$(inherited)",
				);
				GCC_WARN_64_TO_32_BIT_CONVERSION = YES;
				GCC_WARN_ABOUT_RETURN_TYPE = YES_ERROR;
				GCC_WARN_UNDECLARED_SELECTOR = YES;
				GCC_WARN_UNINITIALIZED_AUTOS = YES_AGGRESSIVE;
				GCC_WARN_UNUSED_FUNCTION = YES;
				GCC_WARN_UNUSED_VARIABLE = YES;
				IPHONEOS_DEPLOYMENT_TARGET = 10.3;
				MTL_ENABLE_DEBUG_INFO = YES;
				ONLY_ACTIVE_ARCH = YES;
				SDKROOT = iphoneos;
				SWIFT_ACTIVE_COMPILATION_CONDITIONS = DEBUG;
				SWIFT_OPTIMIZATION_LEVEL = "-Onone";
				TARGETED_DEVICE_FAMILY = "1,2";
			};
			name = Debug;
		};
		29C0562C1EFA80EB00D3F2D2 /* Release */ = {
			isa = XCBuildConfiguration;
			buildSettings = {
				ALWAYS_SEARCH_USER_PATHS = NO;
				CLANG_ANALYZER_NONNULL = YES;
				CLANG_ANALYZER_NUMBER_OBJECT_CONVERSION = YES_AGGRESSIVE;
				CLANG_CXX_LANGUAGE_STANDARD = "gnu++0x";
				CLANG_CXX_LIBRARY = "libc++";
				CLANG_ENABLE_MODULES = YES;
				CLANG_ENABLE_OBJC_ARC = YES;
				CLANG_WARN_BOOL_CONVERSION = YES;
				CLANG_WARN_CONSTANT_CONVERSION = YES;
				CLANG_WARN_DIRECT_OBJC_ISA_USAGE = YES_ERROR;
				CLANG_WARN_DOCUMENTATION_COMMENTS = YES;
				CLANG_WARN_EMPTY_BODY = YES;
				CLANG_WARN_ENUM_CONVERSION = YES;
				CLANG_WARN_INFINITE_RECURSION = YES;
				CLANG_WARN_INT_CONVERSION = YES;
				CLANG_WARN_OBJC_ROOT_CLASS = YES_ERROR;
				CLANG_WARN_SUSPICIOUS_MOVE = YES;
				CLANG_WARN_UNREACHABLE_CODE = YES;
				CLANG_WARN__DUPLICATE_METHOD_MATCH = YES;
				"CODE_SIGN_IDENTITY[sdk=iphoneos*]" = "iPhone Developer";
				COPY_PHASE_STRIP = NO;
				DEBUG_INFORMATION_FORMAT = "dwarf-with-dsym";
				ENABLE_NS_ASSERTIONS = NO;
				ENABLE_STRICT_OBJC_MSGSEND = YES;
				GCC_C_LANGUAGE_STANDARD = gnu99;
				GCC_NO_COMMON_BLOCKS = YES;
				GCC_WARN_64_TO_32_BIT_CONVERSION = YES;
				GCC_WARN_ABOUT_RETURN_TYPE = YES_ERROR;
				GCC_WARN_UNDECLARED_SELECTOR = YES;
				GCC_WARN_UNINITIALIZED_AUTOS = YES_AGGRESSIVE;
				GCC_WARN_UNUSED_FUNCTION = YES;
				GCC_WARN_UNUSED_VARIABLE = YES;
				IPHONEOS_DEPLOYMENT_TARGET = 10.3;
				MTL_ENABLE_DEBUG_INFO = NO;
				SDKROOT = iphoneos;
				SWIFT_OPTIMIZATION_LEVEL = "-Owholemodule";
				TARGETED_DEVICE_FAMILY = "1,2";
				VALIDATE_PRODUCT = YES;
			};
			name = Release;
		};
		29C0562E1EFA80EB00D3F2D2 /* Debug */ = {
			isa = XCBuildConfiguration;
			buildSettings = {
				ASSETCATALOG_COMPILER_APPICON_NAME = "AppIcon-1";
				DEVELOPMENT_TEAM = 29Y3RNA7L3;
				INFOPLIST_FILE = player2/Info.plist;
				LD_RUNPATH_SEARCH_PATHS = "$(inherited) @executable_path/Frameworks";
				PRODUCT_BUNDLE_IDENTIFIER = com.example.player2;
				PRODUCT_NAME = "$(TARGET_NAME)";
				SWIFT_VERSION = 3.0;
			};
			name = Debug;
		};
		29C0562F1EFA80EB00D3F2D2 /* Release */ = {
			isa = XCBuildConfiguration;
			buildSettings = {
				ASSETCATALOG_COMPILER_APPICON_NAME = "AppIcon-1";
				DEVELOPMENT_TEAM = 29Y3RNA7L3;
				INFOPLIST_FILE = player2/Info.plist;
				LD_RUNPATH_SEARCH_PATHS = "$(inherited) @executable_path/Frameworks";
				PRODUCT_BUNDLE_IDENTIFIER = com.example.player2;
				PRODUCT_NAME = "$(TARGET_NAME)";
				SWIFT_VERSION = 3.0;
			};
			name = Release;
		};
/* End XCBuildConfiguration section */

/* Begin XCConfigurationList section */
		29C056161EFA80EB00D3F2D2 /* Build configuration list for PBXProject "player2" */ = {
			isa = XCConfigurationList;
			buildConfigurations = (
				29C0562B1EFA80EB00D3F2D2 /* Debug */,
				29C0562C1EFA80EB00D3F2D2 /* Release */,
			);
			defaultConfigurationIsVisible = 0;
			defaultConfigurationName = Release;
		};
		29C0562D1EFA80EB00D3F2D2 /* Build configuration list for PBXNativeTarget "player2" */ = {
			isa = XCConfigurationList;
			buildConfigurations = (
				29C0562E1EFA80EB00D3F2D2 /* Debug */,
				29C0562F1EFA80EB00D3F2D2 /* Release */,
			);
			defaultConfigurationIsVisible = 0;
			defaultConfigurationName = Release;
		};
/* End XCConfigurationList section */
	};
	rootObject = 29C056131EFA80EB00D3F2D2 /* Project object */;
}
